
Microsoft Visual Studio Solution File, Format Version 12.00
# Visual Studio 15
VisualStudioVersion = 15.0.26403.7
MinimumVisualStudioVersion = 10.0.40219.1
Project("{FAE04EC0-301F-11D3-BF4B-00C04F79EFBC}") = "XAMPP_Project_Switcher", "XAMPP_Project_Switcher\XAMPP_Project_Switcher.csproj", "{F09B3A09-0754-444C-9E49-E6A0F5703623}"
EndProject
Global
	GlobalSection(SolutionConfigurationPlatforms) = preSolution
		Debug|Any CPU = Debug|Any CPU
		Release|Any CPU = Release|Any CPU
	EndGlobalSection
	GlobalSection(ProjectConfigurationPlatforms) = postSolution
		{F09B3A09-0754-444C-9E49-E6A0F5703623}.Debug|Any CPU.ActiveCfg = Debug|Any CPU
		{F09B3A09-0754-444C-9E49-E6A0F5703623}.Debug|Any CPU.Build.0 = Debug|Any CPU
		{F09B3A09-0754-444C-9E49-E6A0F5703623}.Release|Any CPU.ActiveCfg = Release|Any CPU
		{F09B3A09-0754-444C-9E49-E6A0F5703623}.Release|Any CPU.Build.0 = Release|Any CPU
	EndGlobalSection
	GlobalSection(SolutionProperties) = preSolution
		HideSolutionNode = FALSE
	EndGlobalSection
EndGlobal
